// !$*UTF8*$!
{
	archiveVersion = 1;
	classes = {
	};
	objectVersion = 56;
	objects = {

/* Begin PBXBuildFile section */
		605EFC3829A5B6C9000CEDD5 /* AppDelegate.swift in Sources */ = {isa = PBXBuildFile; fileRef = 605EFC3729A5B6C9000CEDD5 /* AppDelegate.swift */; };
		605EFC3A29A5B6C9000CEDD5 /* SceneDelegate.swift in Sources */ = {isa = PBXBuildFile; fileRef = 605EFC3929A5B6C9000CEDD5 /* SceneDelegate.swift */; };
		605EFC3C29A5B6C9000CEDD5 /* ViewController.swift in Sources */ = {isa = PBXBuildFile; fileRef = 605EFC3B29A5B6C9000CEDD5 /* ViewController.swift */; };
		605EFC4129A5B6CA000CEDD5 /* Assets.xcassets in Resources */ = {isa = PBXBuildFile; fileRef = 605EFC4029A5B6CA000CEDD5 /* Assets.xcassets */; };
		605EFC4429A5B6CA000CEDD5 /* LaunchScreen.storyboard in Resources */ = {isa = PBXBuildFile; fileRef = 605EFC4229A5B6CA000CEDD5 /* LaunchScreen.storyboard */; };
		605EFC4F29A5B6CA000CEDD5 /* MusinsaTests.swift in Sources */ = {isa = PBXBuildFile; fileRef = 605EFC4E29A5B6CA000CEDD5 /* MusinsaTests.swift */; };
		605EFC5929A5B6CA000CEDD5 /* MusinsaUITests.swift in Sources */ = {isa = PBXBuildFile; fileRef = 605EFC5829A5B6CA000CEDD5 /* MusinsaUITests.swift */; };
		605EFC5B29A5B6CA000CEDD5 /* MusinsaUITestsLaunchTests.swift in Sources */ = {isa = PBXBuildFile; fileRef = 605EFC5A29A5B6CA000CEDD5 /* MusinsaUITestsLaunchTests.swift */; };
		605EFC6C29A5C9F2000CEDD5 /* Banner.swift in Sources */ = {isa = PBXBuildFile; fileRef = 605EFC6B29A5C9F2000CEDD5 /* Banner.swift */; };
		605EFC6E29A5CA34000CEDD5 /* Footer.swift in Sources */ = {isa = PBXBuildFile; fileRef = 605EFC6D29A5CA34000CEDD5 /* Footer.swift */; };
		605EFC7029A5CB14000CEDD5 /* Header.swift in Sources */ = {isa = PBXBuildFile; fileRef = 605EFC6F29A5CB14000CEDD5 /* Header.swift */; };
		605EFC7229A5CC8A000CEDD5 /* Goods.swift in Sources */ = {isa = PBXBuildFile; fileRef = 605EFC7129A5CC8A000CEDD5 /* Goods.swift */; };
		605EFC7429A5CD2E000CEDD5 /* Style.swift in Sources */ = {isa = PBXBuildFile; fileRef = 605EFC7329A5CD2E000CEDD5 /* Style.swift */; };
		605EFC7929A5CDC7000CEDD5 /* Content.swift in Sources */ = {isa = PBXBuildFile; fileRef = 605EFC7829A5CDC7000CEDD5 /* Content.swift */; };
		605EFC7B29A5D500000CEDD5 /* DisplaySection.swift in Sources */ = {isa = PBXBuildFile; fileRef = 605EFC7A29A5D500000CEDD5 /* DisplaySection.swift */; };
		605EFC7E29A5DFDA000CEDD5 /* Alamofire in Frameworks */ = {isa = PBXBuildFile; productRef = 605EFC7D29A5DFDA000CEDD5 /* Alamofire */; };
		605EFC8129A5E020000CEDD5 /* RxCocoa in Frameworks */ = {isa = PBXBuildFile; productRef = 605EFC8029A5E020000CEDD5 /* RxCocoa */; };
		605EFC8329A5E020000CEDD5 /* RxSwift in Frameworks */ = {isa = PBXBuildFile; productRef = 605EFC8229A5E020000CEDD5 /* RxSwift */; };
		605EFC8629A5E08F000CEDD5 /* ReactorKit in Frameworks */ = {isa = PBXBuildFile; productRef = 605EFC8529A5E08F000CEDD5 /* ReactorKit */; };
		605EFC8929A5E0BC000CEDD5 /* APIRouter.swift in Sources */ = {isa = PBXBuildFile; fileRef = 605EFC8829A5E0BC000CEDD5 /* APIRouter.swift */; };
		605EFC8C29A5E79F000CEDD5 /* DisplayServiceRouter.swift in Sources */ = {isa = PBXBuildFile; fileRef = 605EFC8B29A5E79F000CEDD5 /* DisplayServiceRouter.swift */; };
		605EFC8E29A5EB0E000CEDD5 /* DisplayServiceUseCase.swift in Sources */ = {isa = PBXBuildFile; fileRef = 605EFC8D29A5EB0E000CEDD5 /* DisplayServiceUseCase.swift */; };
		605EFC9029A5F171000CEDD5 /* NetworkDispatcher.swift in Sources */ = {isa = PBXBuildFile; fileRef = 605EFC8F29A5F171000CEDD5 /* NetworkDispatcher.swift */; };
		605EFC9229A5F199000CEDD5 /* NetworkError.swift in Sources */ = {isa = PBXBuildFile; fileRef = 605EFC9129A5F199000CEDD5 /* NetworkError.swift */; };
/* End PBXBuildFile section */

/* Begin PBXContainerItemProxy section */
		605EFC4B29A5B6CA000CEDD5 /* PBXContainerItemProxy */ = {
			isa = PBXContainerItemProxy;
			containerPortal = 605EFC2C29A5B6C9000CEDD5 /* Project object */;
			proxyType = 1;
			remoteGlobalIDString = 605EFC3329A5B6C9000CEDD5;
			remoteInfo = Musinsa;
		};
		605EFC5529A5B6CA000CEDD5 /* PBXContainerItemProxy */ = {
			isa = PBXContainerItemProxy;
			containerPortal = 605EFC2C29A5B6C9000CEDD5 /* Project object */;
			proxyType = 1;
			remoteGlobalIDString = 605EFC3329A5B6C9000CEDD5;
			remoteInfo = Musinsa;
		};
/* End PBXContainerItemProxy section */

/* Begin PBXFileReference section */
		605EFC3429A5B6C9000CEDD5 /* Musinsa.app */ = {isa = PBXFileReference; explicitFileType = wrapper.application; includeInIndex = 0; path = Musinsa.app; sourceTree = BUILT_PRODUCTS_DIR; };
		605EFC3729A5B6C9000CEDD5 /* AppDelegate.swift */ = {isa = PBXFileReference; lastKnownFileType = sourcecode.swift; path = AppDelegate.swift; sourceTree = "<group>"; };
		605EFC3929A5B6C9000CEDD5 /* SceneDelegate.swift */ = {isa = PBXFileReference; lastKnownFileType = sourcecode.swift; path = SceneDelegate.swift; sourceTree = "<group>"; };
		605EFC3B29A5B6C9000CEDD5 /* ViewController.swift */ = {isa = PBXFileReference; lastKnownFileType = sourcecode.swift; path = ViewController.swift; sourceTree = "<group>"; };
		605EFC4029A5B6CA000CEDD5 /* Assets.xcassets */ = {isa = PBXFileReference; lastKnownFileType = folder.assetcatalog; path = Assets.xcassets; sourceTree = "<group>"; };
		605EFC4329A5B6CA000CEDD5 /* Base */ = {isa = PBXFileReference; lastKnownFileType = file.storyboard; name = Base; path = Base.lproj/LaunchScreen.storyboard; sourceTree = "<group>"; };
		605EFC4529A5B6CA000CEDD5 /* Info.plist */ = {isa = PBXFileReference; lastKnownFileType = text.plist.xml; path = Info.plist; sourceTree = "<group>"; };
		605EFC4A29A5B6CA000CEDD5 /* MusinsaTests.xctest */ = {isa = PBXFileReference; explicitFileType = wrapper.cfbundle; includeInIndex = 0; path = MusinsaTests.xctest; sourceTree = BUILT_PRODUCTS_DIR; };
		605EFC4E29A5B6CA000CEDD5 /* MusinsaTests.swift */ = {isa = PBXFileReference; lastKnownFileType = sourcecode.swift; path = MusinsaTests.swift; sourceTree = "<group>"; };
		605EFC5429A5B6CA000CEDD5 /* MusinsaUITests.xctest */ = {isa = PBXFileReference; explicitFileType = wrapper.cfbundle; includeInIndex = 0; path = MusinsaUITests.xctest; sourceTree = BUILT_PRODUCTS_DIR; };
		605EFC5829A5B6CA000CEDD5 /* MusinsaUITests.swift */ = {isa = PBXFileReference; lastKnownFileType = sourcecode.swift; path = MusinsaUITests.swift; sourceTree = "<group>"; };
		605EFC5A29A5B6CA000CEDD5 /* MusinsaUITestsLaunchTests.swift */ = {isa = PBXFileReference; lastKnownFileType = sourcecode.swift; path = MusinsaUITestsLaunchTests.swift; sourceTree = "<group>"; };
		605EFC6929A5C65F000CEDD5 /* Resource */ = {isa = PBXFileReference; lastKnownFileType = wrapper; name = Resource; path = ../Resource; sourceTree = "<group>"; };
		605EFC6B29A5C9F2000CEDD5 /* Banner.swift */ = {isa = PBXFileReference; lastKnownFileType = sourcecode.swift; path = Banner.swift; sourceTree = "<group>"; };
		605EFC6D29A5CA34000CEDD5 /* Footer.swift */ = {isa = PBXFileReference; lastKnownFileType = sourcecode.swift; path = Footer.swift; sourceTree = "<group>"; };
		605EFC6F29A5CB14000CEDD5 /* Header.swift */ = {isa = PBXFileReference; lastKnownFileType = sourcecode.swift; path = Header.swift; sourceTree = "<group>"; };
		605EFC7129A5CC8A000CEDD5 /* Goods.swift */ = {isa = PBXFileReference; lastKnownFileType = sourcecode.swift; path = Goods.swift; sourceTree = "<group>"; };
		605EFC7329A5CD2E000CEDD5 /* Style.swift */ = {isa = PBXFileReference; lastKnownFileType = sourcecode.swift; path = Style.swift; sourceTree = "<group>"; };
		605EFC7829A5CDC7000CEDD5 /* Content.swift */ = {isa = PBXFileReference; lastKnownFileType = sourcecode.swift; path = Content.swift; sourceTree = "<group>"; };
		605EFC7A29A5D500000CEDD5 /* DisplaySection.swift */ = {isa = PBXFileReference; lastKnownFileType = sourcecode.swift; path = DisplaySection.swift; sourceTree = "<group>"; };
		605EFC8829A5E0BC000CEDD5 /* APIRouter.swift */ = {isa = PBXFileReference; lastKnownFileType = sourcecode.swift; path = APIRouter.swift; sourceTree = "<group>"; };
		605EFC8B29A5E79F000CEDD5 /* DisplayServiceRouter.swift */ = {isa = PBXFileReference; lastKnownFileType = sourcecode.swift; path = DisplayServiceRouter.swift; sourceTree = "<group>"; };
		605EFC8D29A5EB0E000CEDD5 /* DisplayServiceUseCase.swift */ = {isa = PBXFileReference; lastKnownFileType = sourcecode.swift; path = DisplayServiceUseCase.swift; sourceTree = "<group>"; };
		605EFC8F29A5F171000CEDD5 /* NetworkDispatcher.swift */ = {isa = PBXFileReference; lastKnownFileType = sourcecode.swift; path = NetworkDispatcher.swift; sourceTree = "<group>"; };
		605EFC9129A5F199000CEDD5 /* NetworkError.swift */ = {isa = PBXFileReference; lastKnownFileType = sourcecode.swift; path = NetworkError.swift; sourceTree = "<group>"; };
/* End PBXFileReference section */

/* Begin PBXFrameworksBuildPhase section */
		605EFC3129A5B6C9000CEDD5 /* Frameworks */ = {
			isa = PBXFrameworksBuildPhase;
			buildActionMask = 2147483647;
			files = (
				605EFC8329A5E020000CEDD5 /* RxSwift in Frameworks */,
				605EFC8129A5E020000CEDD5 /* RxCocoa in Frameworks */,
				605EFC8629A5E08F000CEDD5 /* ReactorKit in Frameworks */,
				605EFC7E29A5DFDA000CEDD5 /* Alamofire in Frameworks */,
			);
			runOnlyForDeploymentPostprocessing = 0;
		};
		605EFC4729A5B6CA000CEDD5 /* Frameworks */ = {
			isa = PBXFrameworksBuildPhase;
			buildActionMask = 2147483647;
			files = (
			);
			runOnlyForDeploymentPostprocessing = 0;
		};
		605EFC5129A5B6CA000CEDD5 /* Frameworks */ = {
			isa = PBXFrameworksBuildPhase;
			buildActionMask = 2147483647;
			files = (
			);
			runOnlyForDeploymentPostprocessing = 0;
		};
/* End PBXFrameworksBuildPhase section */

/* Begin PBXGroup section */
		605EFC2B29A5B6C9000CEDD5 = {
			isa = PBXGroup;
			children = (
				605EFC6829A5C65F000CEDD5 /* Packages */,
				605EFC3629A5B6C9000CEDD5 /* Musinsa */,
				605EFC4D29A5B6CA000CEDD5 /* MusinsaTests */,
				605EFC5729A5B6CA000CEDD5 /* MusinsaUITests */,
				605EFC3529A5B6C9000CEDD5 /* Products */,
			);
			sourceTree = "<group>";
		};
		605EFC3529A5B6C9000CEDD5 /* Products */ = {
			isa = PBXGroup;
			children = (
				605EFC3429A5B6C9000CEDD5 /* Musinsa.app */,
				605EFC4A29A5B6CA000CEDD5 /* MusinsaTests.xctest */,
				605EFC5429A5B6CA000CEDD5 /* MusinsaUITests.xctest */,
			);
			name = Products;
			sourceTree = "<group>";
		};
		605EFC3629A5B6C9000CEDD5 /* Musinsa */ = {
			isa = PBXGroup;
			children = (
				605EFC8729A5E0B3000CEDD5 /* Network */,
				605EFC6A29A5C9E8000CEDD5 /* Model */,
				605EFC6729A5B7EF000CEDD5 /* Resources */,
				605EFC3729A5B6C9000CEDD5 /* AppDelegate.swift */,
				605EFC3929A5B6C9000CEDD5 /* SceneDelegate.swift */,
				605EFC3B29A5B6C9000CEDD5 /* ViewController.swift */,
				605EFC4529A5B6CA000CEDD5 /* Info.plist */,
			);
			path = Musinsa;
			sourceTree = "<group>";
		};
		605EFC4D29A5B6CA000CEDD5 /* MusinsaTests */ = {
			isa = PBXGroup;
			children = (
				605EFC4E29A5B6CA000CEDD5 /* MusinsaTests.swift */,
			);
			path = MusinsaTests;
			sourceTree = "<group>";
		};
		605EFC5729A5B6CA000CEDD5 /* MusinsaUITests */ = {
			isa = PBXGroup;
			children = (
				605EFC5829A5B6CA000CEDD5 /* MusinsaUITests.swift */,
				605EFC5A29A5B6CA000CEDD5 /* MusinsaUITestsLaunchTests.swift */,
			);
			path = MusinsaUITests;
			sourceTree = "<group>";
		};
		605EFC6729A5B7EF000CEDD5 /* Resources */ = {
			isa = PBXGroup;
			children = (
				605EFC4029A5B6CA000CEDD5 /* Assets.xcassets */,
				605EFC4229A5B6CA000CEDD5 /* LaunchScreen.storyboard */,
			);
			path = Resources;
			sourceTree = "<group>";
		};
		605EFC6829A5C65F000CEDD5 /* Packages */ = {
			isa = PBXGroup;
			children = (
				605EFC6929A5C65F000CEDD5 /* Resource */,
			);
			name = Packages;
			sourceTree = "<group>";
		};
		605EFC6A29A5C9E8000CEDD5 /* Model */ = {
			isa = PBXGroup;
			children = (
				605EFC7529A5CD56000CEDD5 /* Header */,
				605EFC7729A5CD6A000CEDD5 /* Contents */,
				605EFC7629A5CD5F000CEDD5 /* Footer */,
			);
			path = Model;
			sourceTree = "<group>";
		};
		605EFC7529A5CD56000CEDD5 /* Header */ = {
			isa = PBXGroup;
			children = (
				605EFC6F29A5CB14000CEDD5 /* Header.swift */,
			);
			path = Header;
			sourceTree = "<group>";
		};
		605EFC7629A5CD5F000CEDD5 /* Footer */ = {
			isa = PBXGroup;
			children = (
				605EFC6D29A5CA34000CEDD5 /* Footer.swift */,
			);
			path = Footer;
			sourceTree = "<group>";
		};
		605EFC7729A5CD6A000CEDD5 /* Contents */ = {
			isa = PBXGroup;
			children = (
				605EFC6B29A5C9F2000CEDD5 /* Banner.swift */,
				605EFC7129A5CC8A000CEDD5 /* Goods.swift */,
				605EFC7329A5CD2E000CEDD5 /* Style.swift */,
				605EFC7829A5CDC7000CEDD5 /* Content.swift */,
				605EFC7A29A5D500000CEDD5 /* DisplaySection.swift */,
			);
			path = Contents;
			sourceTree = "<group>";
		};
		605EFC8729A5E0B3000CEDD5 /* Network */ = {
			isa = PBXGroup;
			children = (
				605EFC8829A5E0BC000CEDD5 /* APIRouter.swift */,
				605EFC8A29A5E666000CEDD5 /* Service */,
				605EFC8B29A5E79F000CEDD5 /* DisplayServiceRouter.swift */,
				605EFC8D29A5EB0E000CEDD5 /* DisplayServiceUseCase.swift */,
				605EFC8F29A5F171000CEDD5 /* NetworkDispatcher.swift */,
				605EFC9129A5F199000CEDD5 /* NetworkError.swift */,
			);
			path = Network;
			sourceTree = "<group>";
		};
		605EFC8A29A5E666000CEDD5 /* Service */ = {
			isa = PBXGroup;
			children = (
			);
			path = Service;
			sourceTree = "<group>";
		};
/* End PBXGroup section */

/* Begin PBXNativeTarget section */
		605EFC3329A5B6C9000CEDD5 /* Musinsa */ = {
			isa = PBXNativeTarget;
			buildConfigurationList = 605EFC5E29A5B6CA000CEDD5 /* Build configuration list for PBXNativeTarget "Musinsa" */;
			buildPhases = (
				605EFC3029A5B6C9000CEDD5 /* Sources */,
				605EFC3129A5B6C9000CEDD5 /* Frameworks */,
				605EFC3229A5B6C9000CEDD5 /* Resources */,
			);
			buildRules = (
			);
			dependencies = (
			);
			name = Musinsa;
			packageProductDependencies = (
				605EFC7D29A5DFDA000CEDD5 /* Alamofire */,
				605EFC8029A5E020000CEDD5 /* RxCocoa */,
				605EFC8229A5E020000CEDD5 /* RxSwift */,
				605EFC8529A5E08F000CEDD5 /* ReactorKit */,
			);
			productName = Musinsa;
			productReference = 605EFC3429A5B6C9000CEDD5 /* Musinsa.app */;
			productType = "com.apple.product-type.application";
		};
		605EFC4929A5B6CA000CEDD5 /* MusinsaTests */ = {
			isa = PBXNativeTarget;
			buildConfigurationList = 605EFC6129A5B6CA000CEDD5 /* Build configuration list for PBXNativeTarget "MusinsaTests" */;
			buildPhases = (
				605EFC4629A5B6CA000CEDD5 /* Sources */,
				605EFC4729A5B6CA000CEDD5 /* Frameworks */,
				605EFC4829A5B6CA000CEDD5 /* Resources */,
			);
			buildRules = (
			);
			dependencies = (
				605EFC4C29A5B6CA000CEDD5 /* PBXTargetDependency */,
			);
			name = MusinsaTests;
			productName = MusinsaTests;
			productReference = 605EFC4A29A5B6CA000CEDD5 /* MusinsaTests.xctest */;
			productType = "com.apple.product-type.bundle.unit-test";
		};
		605EFC5329A5B6CA000CEDD5 /* MusinsaUITests */ = {
			isa = PBXNativeTarget;
			buildConfigurationList = 605EFC6429A5B6CA000CEDD5 /* Build configuration list for PBXNativeTarget "MusinsaUITests" */;
			buildPhases = (
				605EFC5029A5B6CA000CEDD5 /* Sources */,
				605EFC5129A5B6CA000CEDD5 /* Frameworks */,
				605EFC5229A5B6CA000CEDD5 /* Resources */,
			);
			buildRules = (
			);
			dependencies = (
				605EFC5629A5B6CA000CEDD5 /* PBXTargetDependency */,
			);
			name = MusinsaUITests;
			productName = MusinsaUITests;
			productReference = 605EFC5429A5B6CA000CEDD5 /* MusinsaUITests.xctest */;
			productType = "com.apple.product-type.bundle.ui-testing";
		};
/* End PBXNativeTarget section */

/* Begin PBXProject section */
		605EFC2C29A5B6C9000CEDD5 /* Project object */ = {
			isa = PBXProject;
			attributes = {
				BuildIndependentTargetsInParallel = 1;
				LastSwiftUpdateCheck = 1410;
				LastUpgradeCheck = 1410;
				TargetAttributes = {
					605EFC3329A5B6C9000CEDD5 = {
						CreatedOnToolsVersion = 14.1;
					};
					605EFC4929A5B6CA000CEDD5 = {
						CreatedOnToolsVersion = 14.1;
						TestTargetID = 605EFC3329A5B6C9000CEDD5;
					};
					605EFC5329A5B6CA000CEDD5 = {
						CreatedOnToolsVersion = 14.1;
						TestTargetID = 605EFC3329A5B6C9000CEDD5;
					};
				};
			};
			buildConfigurationList = 605EFC2F29A5B6C9000CEDD5 /* Build configuration list for PBXProject "Musinsa" */;
			compatibilityVersion = "Xcode 14.0";
			developmentRegion = en;
			hasScannedForEncodings = 0;
			knownRegions = (
				en,
				Base,
			);
			mainGroup = 605EFC2B29A5B6C9000CEDD5;
			packageReferences = (
				605EFC7C29A5DFDA000CEDD5 /* XCRemoteSwiftPackageReference "Alamofire" */,
				605EFC7F29A5E020000CEDD5 /* XCRemoteSwiftPackageReference "RxSwift" */,
				605EFC8429A5E08F000CEDD5 /* XCRemoteSwiftPackageReference "ReactorKit" */,
			);
			productRefGroup = 605EFC3529A5B6C9000CEDD5 /* Products */;
			projectDirPath = "";
			projectRoot = "";
			targets = (
				605EFC3329A5B6C9000CEDD5 /* Musinsa */,
				605EFC4929A5B6CA000CEDD5 /* MusinsaTests */,
				605EFC5329A5B6CA000CEDD5 /* MusinsaUITests */,
			);
		};
/* End PBXProject section */

/* Begin PBXResourcesBuildPhase section */
		605EFC3229A5B6C9000CEDD5 /* Resources */ = {
			isa = PBXResourcesBuildPhase;
			buildActionMask = 2147483647;
			files = (
				605EFC4429A5B6CA000CEDD5 /* LaunchScreen.storyboard in Resources */,
				605EFC4129A5B6CA000CEDD5 /* Assets.xcassets in Resources */,
			);
			runOnlyForDeploymentPostprocessing = 0;
		};
		605EFC4829A5B6CA000CEDD5 /* Resources */ = {
			isa = PBXResourcesBuildPhase;
			buildActionMask = 2147483647;
			files = (
			);
			runOnlyForDeploymentPostprocessing = 0;
		};
		605EFC5229A5B6CA000CEDD5 /* Resources */ = {
			isa = PBXResourcesBuildPhase;
			buildActionMask = 2147483647;
			files = (
			);
			runOnlyForDeploymentPostprocessing = 0;
		};
/* End PBXResourcesBuildPhase section */

/* Begin PBXSourcesBuildPhase section */
		605EFC3029A5B6C9000CEDD5 /* Sources */ = {
			isa = PBXSourcesBuildPhase;
			buildActionMask = 2147483647;
			files = (
				605EFC7229A5CC8A000CEDD5 /* Goods.swift in Sources */,
				605EFC8C29A5E79F000CEDD5 /* DisplayServiceRouter.swift in Sources */,
				605EFC3C29A5B6C9000CEDD5 /* ViewController.swift in Sources */,
				605EFC9029A5F171000CEDD5 /* NetworkDispatcher.swift in Sources */,
				605EFC6C29A5C9F2000CEDD5 /* Banner.swift in Sources */,
				605EFC8E29A5EB0E000CEDD5 /* DisplayServiceUseCase.swift in Sources */,
				605EFC3829A5B6C9000CEDD5 /* AppDelegate.swift in Sources */,
				605EFC3A29A5B6C9000CEDD5 /* SceneDelegate.swift in Sources */,
				605EFC7929A5CDC7000CEDD5 /* Content.swift in Sources */,
				605EFC9229A5F199000CEDD5 /* NetworkError.swift in Sources */,
				605EFC7B29A5D500000CEDD5 /* DisplaySection.swift in Sources */,
				605EFC8929A5E0BC000CEDD5 /* APIRouter.swift in Sources */,
				605EFC7029A5CB14000CEDD5 /* Header.swift in Sources */,
				605EFC6E29A5CA34000CEDD5 /* Footer.swift in Sources */,
				605EFC7429A5CD2E000CEDD5 /* Style.swift in Sources */,
			);
			runOnlyForDeploymentPostprocessing = 0;
		};
		605EFC4629A5B6CA000CEDD5 /* Sources */ = {
			isa = PBXSourcesBuildPhase;
			buildActionMask = 2147483647;
			files = (
				605EFC4F29A5B6CA000CEDD5 /* MusinsaTests.swift in Sources */,
			);
			runOnlyForDeploymentPostprocessing = 0;
		};
		605EFC5029A5B6CA000CEDD5 /* Sources */ = {
			isa = PBXSourcesBuildPhase;
			buildActionMask = 2147483647;
			files = (
				605EFC5929A5B6CA000CEDD5 /* MusinsaUITests.swift in Sources */,
				605EFC5B29A5B6CA000CEDD5 /* MusinsaUITestsLaunchTests.swift in Sources */,
			);
			runOnlyForDeploymentPostprocessing = 0;
		};
/* End PBXSourcesBuildPhase section */

/* Begin PBXTargetDependency section */
		605EFC4C29A5B6CA000CEDD5 /* PBXTargetDependency */ = {
			isa = PBXTargetDependency;
			target = 605EFC3329A5B6C9000CEDD5 /* Musinsa */;
			targetProxy = 605EFC4B29A5B6CA000CEDD5 /* PBXContainerItemProxy */;
		};
		605EFC5629A5B6CA000CEDD5 /* PBXTargetDependency */ = {
			isa = PBXTargetDependency;
			target = 605EFC3329A5B6C9000CEDD5 /* Musinsa */;
			targetProxy = 605EFC5529A5B6CA000CEDD5 /* PBXContainerItemProxy */;
		};
/* End PBXTargetDependency section */

/* Begin PBXVariantGroup section */
		605EFC4229A5B6CA000CEDD5 /* LaunchScreen.storyboard */ = {
			isa = PBXVariantGroup;
			children = (
				605EFC4329A5B6CA000CEDD5 /* Base */,
			);
			name = LaunchScreen.storyboard;
			sourceTree = "<group>";
		};
/* End PBXVariantGroup section */

/* Begin XCBuildConfiguration section */
		605EFC5C29A5B6CA000CEDD5 /* Debug */ = {
			isa = XCBuildConfiguration;
			buildSettings = {
				ALWAYS_SEARCH_USER_PATHS = NO;
				CLANG_ANALYZER_NONNULL = YES;
				CLANG_ANALYZER_NUMBER_OBJECT_CONVERSION = YES_AGGRESSIVE;
				CLANG_CXX_LANGUAGE_STANDARD = "gnu++20";
				CLANG_ENABLE_MODULES = YES;
				CLANG_ENABLE_OBJC_ARC = YES;
				CLANG_ENABLE_OBJC_WEAK = YES;
				CLANG_WARN_BLOCK_CAPTURE_AUTORELEASING = YES;
				CLANG_WARN_BOOL_CONVERSION = YES;
				CLANG_WARN_COMMA = YES;
				CLANG_WARN_CONSTANT_CONVERSION = YES;
				CLANG_WARN_DEPRECATED_OBJC_IMPLEMENTATIONS = YES;
				CLANG_WARN_DIRECT_OBJC_ISA_USAGE = YES_ERROR;
				CLANG_WARN_DOCUMENTATION_COMMENTS = YES;
				CLANG_WARN_EMPTY_BODY = YES;
				CLANG_WARN_ENUM_CONVERSION = YES;
				CLANG_WARN_INFINITE_RECURSION = YES;
				CLANG_WARN_INT_CONVERSION = YES;
				CLANG_WARN_NON_LITERAL_NULL_CONVERSION = YES;
				CLANG_WARN_OBJC_IMPLICIT_RETAIN_SELF = YES;
				CLANG_WARN_OBJC_LITERAL_CONVERSION = YES;
				CLANG_WARN_OBJC_ROOT_CLASS = YES_ERROR;
				CLANG_WARN_QUOTED_INCLUDE_IN_FRAMEWORK_HEADER = YES;
				CLANG_WARN_RANGE_LOOP_ANALYSIS = YES;
				CLANG_WARN_STRICT_PROTOTYPES = YES;
				CLANG_WARN_SUSPICIOUS_MOVE = YES;
				CLANG_WARN_UNGUARDED_AVAILABILITY = YES_AGGRESSIVE;
				CLANG_WARN_UNREACHABLE_CODE = YES;
				CLANG_WARN__DUPLICATE_METHOD_MATCH = YES;
				COPY_PHASE_STRIP = NO;
				DEBUG_INFORMATION_FORMAT = dwarf;
				ENABLE_STRICT_OBJC_MSGSEND = YES;
				ENABLE_TESTABILITY = YES;
				GCC_C_LANGUAGE_STANDARD = gnu11;
				GCC_DYNAMIC_NO_PIC = NO;
				GCC_NO_COMMON_BLOCKS = YES;
				GCC_OPTIMIZATION_LEVEL = 0;
				GCC_PREPROCESSOR_DEFINITIONS = (
					"DEBUG=1",
					"$(inherited)",
				);
				GCC_WARN_64_TO_32_BIT_CONVERSION = YES;
				GCC_WARN_ABOUT_RETURN_TYPE = YES_ERROR;
				GCC_WARN_UNDECLARED_SELECTOR = YES;
				GCC_WARN_UNINITIALIZED_AUTOS = YES_AGGRESSIVE;
				GCC_WARN_UNUSED_FUNCTION = YES;
				GCC_WARN_UNUSED_VARIABLE = YES;
				IPHONEOS_DEPLOYMENT_TARGET = 14.0;
				MTL_ENABLE_DEBUG_INFO = INCLUDE_SOURCE;
				MTL_FAST_MATH = YES;
				ONLY_ACTIVE_ARCH = YES;
				SDKROOT = iphoneos;
				SWIFT_ACTIVE_COMPILATION_CONDITIONS = DEBUG;
				SWIFT_OPTIMIZATION_LEVEL = "-Onone";
			};
			name = Debug;
		};
		605EFC5D29A5B6CA000CEDD5 /* Release */ = {
			isa = XCBuildConfiguration;
			buildSettings = {
				ALWAYS_SEARCH_USER_PATHS = NO;
				CLANG_ANALYZER_NONNULL = YES;
				CLANG_ANALYZER_NUMBER_OBJECT_CONVERSION = YES_AGGRESSIVE;
				CLANG_CXX_LANGUAGE_STANDARD = "gnu++20";
				CLANG_ENABLE_MODULES = YES;
				CLANG_ENABLE_OBJC_ARC = YES;
				CLANG_ENABLE_OBJC_WEAK = YES;
				CLANG_WARN_BLOCK_CAPTURE_AUTORELEASING = YES;
				CLANG_WARN_BOOL_CONVERSION = YES;
				CLANG_WARN_COMMA = YES;
				CLANG_WARN_CONSTANT_CONVERSION = YES;
				CLANG_WARN_DEPRECATED_OBJC_IMPLEMENTATIONS = YES;
				CLANG_WARN_DIRECT_OBJC_ISA_USAGE = YES_ERROR;
				CLANG_WARN_DOCUMENTATION_COMMENTS = YES;
				CLANG_WARN_EMPTY_BODY = YES;
				CLANG_WARN_ENUM_CONVERSION = YES;
				CLANG_WARN_INFINITE_RECURSION = YES;
				CLANG_WARN_INT_CONVERSION = YES;
				CLANG_WARN_NON_LITERAL_NULL_CONVERSION = YES;
				CLANG_WARN_OBJC_IMPLICIT_RETAIN_SELF = YES;
				CLANG_WARN_OBJC_LITERAL_CONVERSION = YES;
				CLANG_WARN_OBJC_ROOT_CLASS = YES_ERROR;
				CLANG_WARN_QUOTED_INCLUDE_IN_FRAMEWORK_HEADER = YES;
				CLANG_WARN_RANGE_LOOP_ANALYSIS = YES;
				CLANG_WARN_STRICT_PROTOTYPES = YES;
				CLANG_WARN_SUSPICIOUS_MOVE = YES;
				CLANG_WARN_UNGUARDED_AVAILABILITY = YES_AGGRESSIVE;
				CLANG_WARN_UNREACHABLE_CODE = YES;
				CLANG_WARN__DUPLICATE_METHOD_MATCH = YES;
				COPY_PHASE_STRIP = NO;
				DEBUG_INFORMATION_FORMAT = "dwarf-with-dsym";
				ENABLE_NS_ASSERTIONS = NO;
				ENABLE_STRICT_OBJC_MSGSEND = YES;
				GCC_C_LANGUAGE_STANDARD = gnu11;
				GCC_NO_COMMON_BLOCKS = YES;
				GCC_WARN_64_TO_32_BIT_CONVERSION = YES;
				GCC_WARN_ABOUT_RETURN_TYPE = YES_ERROR;
				GCC_WARN_UNDECLARED_SELECTOR = YES;
				GCC_WARN_UNINITIALIZED_AUTOS = YES_AGGRESSIVE;
				GCC_WARN_UNUSED_FUNCTION = YES;
				GCC_WARN_UNUSED_VARIABLE = YES;
				IPHONEOS_DEPLOYMENT_TARGET = 14.0;
				MTL_ENABLE_DEBUG_INFO = NO;
				MTL_FAST_MATH = YES;
				SDKROOT = iphoneos;
				SWIFT_COMPILATION_MODE = wholemodule;
				SWIFT_OPTIMIZATION_LEVEL = "-O";
				VALIDATE_PRODUCT = YES;
			};
			name = Release;
		};
		605EFC5F29A5B6CA000CEDD5 /* Debug */ = {
			isa = XCBuildConfiguration;
			buildSettings = {
				ASSETCATALOG_COMPILER_APPICON_NAME = AppIcon;
				ASSETCATALOG_COMPILER_GLOBAL_ACCENT_COLOR_NAME = AccentColor;
				CODE_SIGN_STYLE = Automatic;
				CURRENT_PROJECT_VERSION = 1;
				DEVELOPMENT_TEAM = NC28R53QWB;
				GENERATE_INFOPLIST_FILE = YES;
				INFOPLIST_FILE = Musinsa/Info.plist;
				INFOPLIST_KEY_UIApplicationSupportsIndirectInputEvents = YES;
				INFOPLIST_KEY_UILaunchStoryboardName = LaunchScreen;
				INFOPLIST_KEY_UISupportedInterfaceOrientations_iPad = "UIInterfaceOrientationPortrait UIInterfaceOrientationPortraitUpsideDown UIInterfaceOrientationLandscapeLeft UIInterfaceOrientationLandscapeRight";
				INFOPLIST_KEY_UISupportedInterfaceOrientations_iPhone = "UIInterfaceOrientationPortrait UIInterfaceOrientationLandscapeLeft UIInterfaceOrientationLandscapeRight";
				IPHONEOS_DEPLOYMENT_TARGET = 14.0;
				LD_RUNPATH_SEARCH_PATHS = (
					"$(inherited)",
					"@executable_path/Frameworks",
				);
				MARKETING_VERSION = 1.0;
				MUSINSA_API_URL = "https://meta.musinsa.com";
				PRODUCT_BUNDLE_IDENTIFIER = com.delmaSong.Musinsa;
				PRODUCT_NAME = "$(TARGET_NAME)";
				SWIFT_EMIT_LOC_STRINGS = YES;
				SWIFT_VERSION = 5.0;
				TARGETED_DEVICE_FAMILY = "1,2";
			};
			name = Debug;
		};
		605EFC6029A5B6CA000CEDD5 /* Release */ = {
			isa = XCBuildConfiguration;
			buildSettings = {
				ASSETCATALOG_COMPILER_APPICON_NAME = AppIcon;
				ASSETCATALOG_COMPILER_GLOBAL_ACCENT_COLOR_NAME = AccentColor;
				CODE_SIGN_STYLE = Automatic;
				CURRENT_PROJECT_VERSION = 1;
				DEVELOPMENT_TEAM = NC28R53QWB;
				GENERATE_INFOPLIST_FILE = YES;
				INFOPLIST_FILE = Musinsa/Info.plist;
				INFOPLIST_KEY_UIApplicationSupportsIndirectInputEvents = YES;
				INFOPLIST_KEY_UILaunchStoryboardName = LaunchScreen;
				INFOPLIST_KEY_UISupportedInterfaceOrientations_iPad = "UIInterfaceOrientationPortrait UIInterfaceOrientationPortraitUpsideDown UIInterfaceOrientationLandscapeLeft UIInterfaceOrientationLandscapeRight";
				INFOPLIST_KEY_UISupportedInterfaceOrientations_iPhone = "UIInterfaceOrientationPortrait UIInterfaceOrientationLandscapeLeft UIInterfaceOrientationLandscapeRight";
				IPHONEOS_DEPLOYMENT_TARGET = 14.0;
				LD_RUNPATH_SEARCH_PATHS = (
					"$(inherited)",
					"@executable_path/Frameworks",
				);
				MARKETING_VERSION = 1.0;
				MUSINSA_API_URL = "https://meta.musinsa.com";
				PRODUCT_BUNDLE_IDENTIFIER = com.delmaSong.Musinsa;
				PRODUCT_NAME = "$(TARGET_NAME)";
				SWIFT_EMIT_LOC_STRINGS = YES;
				SWIFT_VERSION = 5.0;
				TARGETED_DEVICE_FAMILY = "1,2";
			};
			name = Release;
		};
		605EFC6229A5B6CA000CEDD5 /* Debug */ = {
			isa = XCBuildConfiguration;
			buildSettings = {
				ALWAYS_EMBED_SWIFT_STANDARD_LIBRARIES = YES;
				BUNDLE_LOADER = "$(TEST_HOST)";
				CODE_SIGN_STYLE = Automatic;
				CURRENT_PROJECT_VERSION = 1;
				DEVELOPMENT_TEAM = NC28R53QWB;
				GENERATE_INFOPLIST_FILE = YES;
				IPHONEOS_DEPLOYMENT_TARGET = 16.1;
				MARKETING_VERSION = 1.0;
				PRODUCT_BUNDLE_IDENTIFIER = com.delmaSong.MusinsaTests;
				PRODUCT_NAME = "$(TARGET_NAME)";
				SWIFT_EMIT_LOC_STRINGS = NO;
				SWIFT_VERSION = 5.0;
				TARGETED_DEVICE_FAMILY = "1,2";
				TEST_HOST = "$(BUILT_PRODUCTS_DIR)/Musinsa.app/$(BUNDLE_EXECUTABLE_FOLDER_PATH)/Musinsa";
			};
			name = Debug;
		};
		605EFC6329A5B6CA000CEDD5 /* Release */ = {
			isa = XCBuildConfiguration;
			buildSettings = {
				ALWAYS_EMBED_SWIFT_STANDARD_LIBRARIES = YES;
				BUNDLE_LOADER = "$(TEST_HOST)";
				CODE_SIGN_STYLE = Automatic;
				CURRENT_PROJECT_VERSION = 1;
				DEVELOPMENT_TEAM = NC28R53QWB;
				GENERATE_INFOPLIST_FILE = YES;
				IPHONEOS_DEPLOYMENT_TARGET = 16.1;
				MARKETING_VERSION = 1.0;
				PRODUCT_BUNDLE_IDENTIFIER = com.delmaSong.MusinsaTests;
				PRODUCT_NAME = "$(TARGET_NAME)";
				SWIFT_EMIT_LOC_STRINGS = NO;
				SWIFT_VERSION = 5.0;
				TARGETED_DEVICE_FAMILY = "1,2";
				TEST_HOST = "$(BUILT_PRODUCTS_DIR)/Musinsa.app/$(BUNDLE_EXECUTABLE_FOLDER_PATH)/Musinsa";
			};
			name = Release;
		};
		605EFC6529A5B6CA000CEDD5 /* Debug */ = {
			isa = XCBuildConfiguration;
			buildSettings = {
				ALWAYS_EMBED_SWIFT_STANDARD_LIBRARIES = YES;
				CODE_SIGN_STYLE = Automatic;
				CURRENT_PROJECT_VERSION = 1;
				DEVELOPMENT_TEAM = NC28R53QWB;
				GENERATE_INFOPLIST_FILE = YES;
				MARKETING_VERSION = 1.0;
				PRODUCT_BUNDLE_IDENTIFIER = com.delmaSong.MusinsaUITests;
				PRODUCT_NAME = "$(TARGET_NAME)";
				SWIFT_EMIT_LOC_STRINGS = NO;
				SWIFT_VERSION = 5.0;
				TARGETED_DEVICE_FAMILY = "1,2";
				TEST_TARGET_NAME = Musinsa;
			};
			name = Debug;
		};
		605EFC6629A5B6CA000CEDD5 /* Release */ = {
			isa = XCBuildConfiguration;
			buildSettings = {
				ALWAYS_EMBED_SWIFT_STANDARD_LIBRARIES = YES;
				CODE_SIGN_STYLE = Automatic;
				CURRENT_PROJECT_VERSION = 1;
				DEVELOPMENT_TEAM = NC28R53QWB;
				GENERATE_INFOPLIST_FILE = YES;
				MARKETING_VERSION = 1.0;
				PRODUCT_BUNDLE_IDENTIFIER = com.delmaSong.MusinsaUITests;
				PRODUCT_NAME = "$(TARGET_NAME)";
				SWIFT_EMIT_LOC_STRINGS = NO;
				SWIFT_VERSION = 5.0;
				TARGETED_DEVICE_FAMILY = "1,2";
				TEST_TARGET_NAME = Musinsa;
			};
			name = Release;
		};
/* End XCBuildConfiguration section */

/* Begin XCConfigurationList section */
		605EFC2F29A5B6C9000CEDD5 /* Build configuration list for PBXProject "Musinsa" */ = {
			isa = XCConfigurationList;
			buildConfigurations = (
				605EFC5C29A5B6CA000CEDD5 /* Debug */,
				605EFC5D29A5B6CA000CEDD5 /* Release */,
			);
			defaultConfigurationIsVisible = 0;
			defaultConfigurationName = Release;
		};
		605EFC5E29A5B6CA000CEDD5 /* Build configuration list for PBXNativeTarget "Musinsa" */ = {
			isa = XCConfigurationList;
			buildConfigurations = (
				605EFC5F29A5B6CA000CEDD5 /* Debug */,
				605EFC6029A5B6CA000CEDD5 /* Release */,
			);
			defaultConfigurationIsVisible = 0;
			defaultConfigurationName = Release;
		};
		605EFC6129A5B6CA000CEDD5 /* Build configuration list for PBXNativeTarget "MusinsaTests" */ = {
			isa = XCConfigurationList;
			buildConfigurations = (
				605EFC6229A5B6CA000CEDD5 /* Debug */,
				605EFC6329A5B6CA000CEDD5 /* Release */,
			);
			defaultConfigurationIsVisible = 0;
			defaultConfigurationName = Release;
		};
		605EFC6429A5B6CA000CEDD5 /* Build configuration list for PBXNativeTarget "MusinsaUITests" */ = {
			isa = XCConfigurationList;
			buildConfigurations = (
				605EFC6529A5B6CA000CEDD5 /* Debug */,
				605EFC6629A5B6CA000CEDD5 /* Release */,
			);
			defaultConfigurationIsVisible = 0;
			defaultConfigurationName = Release;
		};
/* End XCConfigurationList section */

/* Begin XCRemoteSwiftPackageReference section */
		605EFC7C29A5DFDA000CEDD5 /* XCRemoteSwiftPackageReference "Alamofire" */ = {
			isa = XCRemoteSwiftPackageReference;
			repositoryURL = "https://github.com/Alamofire/Alamofire.git";
			requirement = {
				kind = upToNextMajorVersion;
				minimumVersion = 5.0.0;
			};
		};
		605EFC7F29A5E020000CEDD5 /* XCRemoteSwiftPackageReference "RxSwift" */ = {
			isa = XCRemoteSwiftPackageReference;
			repositoryURL = "https://github.com/ReactiveX/RxSwift.git";
			requirement = {
				kind = upToNextMajorVersion;
				minimumVersion = 6.0.0;
			};
		};
		605EFC8429A5E08F000CEDD5 /* XCRemoteSwiftPackageReference "ReactorKit" */ = {
			isa = XCRemoteSwiftPackageReference;
			repositoryURL = "https://github.com/ReactorKit/ReactorKit.git";
			requirement = {
				kind = upToNextMajorVersion;
				minimumVersion = 3.0.0;
			};
		};
/* End XCRemoteSwiftPackageReference section */

/* Begin XCSwiftPackageProductDependency section */
		605EFC7D29A5DFDA000CEDD5 /* Alamofire */ = {
			isa = XCSwiftPackageProductDependency;
			package = 605EFC7C29A5DFDA000CEDD5 /* XCRemoteSwiftPackageReference "Alamofire" */;
			productName = Alamofire;
		};
		605EFC8029A5E020000CEDD5 /* RxCocoa */ = {
			isa = XCSwiftPackageProductDependency;
			package = 605EFC7F29A5E020000CEDD5 /* XCRemoteSwiftPackageReference "RxSwift" */;
			productName = RxCocoa;
		};
		605EFC8229A5E020000CEDD5 /* RxSwift */ = {
			isa = XCSwiftPackageProductDependency;
			package = 605EFC7F29A5E020000CEDD5 /* XCRemoteSwiftPackageReference "RxSwift" */;
			productName = RxSwift;
		};
		605EFC8529A5E08F000CEDD5 /* ReactorKit */ = {
			isa = XCSwiftPackageProductDependency;
			package = 605EFC8429A5E08F000CEDD5 /* XCRemoteSwiftPackageReference "ReactorKit" */;
			productName = ReactorKit;
		};
/* End XCSwiftPackageProductDependency section */
	};
	rootObject = 605EFC2C29A5B6C9000CEDD5 /* Project object */;
}
